
Microsoft Visual Studio Solution File, Format Version 12.00
# Visual Studio Version 16
VisualStudioVersion = 16.0.32602.291
MinimumVisualStudioVersion = 10.0.40219.1
Project("{FAE04EC0-301F-11D3-BF4B-00C04F79EFBC}") = "WindowsFormsApp1", "WindowsFormsApp1\WindowsFormsApp1.csproj", "{78267893-C882-41FD-B07F-A1CC74B46DE0}"
EndProject
Global
	GlobalSection(SolutionConfigurationPlatforms) = preSolution
		Debug|Any CPU = Debug|Any CPU
		Release|Any CPU = Release|Any CPU
	EndGlobalSection
	GlobalSection(ProjectConfigurationPlatforms) = postSolution
		{78267893-C882-41FD-B07F-A1CC74B46DE0}.Debug|Any CPU.ActiveCfg = Debug|Any CPU
		{78267893-C882-41FD-B07F-A1CC74B46DE0}.Debug|Any CPU.Build.0 = Debug|Any CPU
		{78267893-C882-41FD-B07F-A1CC74B46DE0}.Release|Any CPU.ActiveCfg = Release|Any CPU
		{78267893-C882-41FD-B07F-A1CC74B46DE0}.Release|Any CPU.Build.0 = Release|Any CPU
	EndGlobalSection
	GlobalSection(SolutionProperties) = preSolution
		HideSolutionNode = FALSE
	EndGlobalSection
	GlobalSection(ExtensibilityGlobals) = postSolution
		SolutionGuid = {E86866E7-E65C-4177-912E-CCF874281761}
	EndGlobalSection
EndGlobal
